
Microsoft Visual Studio Solution File, Format Version 12.00
# Visual Studio Version 17
VisualStudioVersion = 17.1.32319.34
MinimumVisualStudioVersion = 10.0.40219.1
Project("{9A19103F-16F7-4668-BE54-9A1E7A4F7556}") = "AlphabeticPoem", "AlphabeticPoem\AlphabeticPoem.csproj", "{CC3307AA-6DC8-4E2D-9533-73812083C487}"
EndProject
Project("{9A19103F-16F7-4668-BE54-9A1E7A4F7556}") = "StreamExercise1", "StreamExercise1\StreamExercise1.csproj", "{FFBCF938-2D79-41D6-AFDE-E0ED29BF65E7}"
EndProject
Project("{FAE04EC0-301F-11D3-BF4B-00C04F79EFBC}") = "StreamExercise2", "StreamExercise2\StreamExercise2.csproj", "{956D736A-111C-4299-85C7-BD8BE99B39EB}"
EndProject
Project("{FAE04EC0-301F-11D3-BF4B-00C04F79EFBC}") = "StreamExercise3", "StreamExercise3\StreamExercise3.csproj", "{57741E3E-7C3E-4277-AF90-1D9495B4EABE}"
EndProject
Project("{FAE04EC0-301F-11D3-BF4B-00C04F79EFBC}") = "StreamExercise4", "StreamExercise4\StreamExercise4.csproj", "{21C21598-CD3F-452C-A79F-A937C103DDFA}"
EndProject
Global
	GlobalSection(SolutionConfigurationPlatforms) = preSolution
		Debug|Any CPU = Debug|Any CPU
		Release|Any CPU = Release|Any CPU
	EndGlobalSection
	GlobalSection(ProjectConfigurationPlatforms) = postSolution
		{CC3307AA-6DC8-4E2D-9533-73812083C487}.Debug|Any CPU.ActiveCfg = Debug|Any CPU
		{CC3307AA-6DC8-4E2D-9533-73812083C487}.Debug|Any CPU.Build.0 = Debug|Any CPU
		{CC3307AA-6DC8-4E2D-9533-73812083C487}.Release|Any CPU.ActiveCfg = Release|Any CPU
		{CC3307AA-6DC8-4E2D-9533-73812083C487}.Release|Any CPU.Build.0 = Release|Any CPU
		{FFBCF938-2D79-41D6-AFDE-E0ED29BF65E7}.Debug|Any CPU.ActiveCfg = Debug|Any CPU
		{FFBCF938-2D79-41D6-AFDE-E0ED29BF65E7}.Debug|Any CPU.Build.0 = Debug|Any CPU
		{FFBCF938-2D79-41D6-AFDE-E0ED29BF65E7}.Release|Any CPU.ActiveCfg = Release|Any CPU
		{FFBCF938-2D79-41D6-AFDE-E0ED29BF65E7}.Release|Any CPU.Build.0 = Release|Any CPU
		{956D736A-111C-4299-85C7-BD8BE99B39EB}.Debug|Any CPU.ActiveCfg = Debug|Any CPU
		{956D736A-111C-4299-85C7-BD8BE99B39EB}.Debug|Any CPU.Build.0 = Debug|Any CPU
		{956D736A-111C-4299-85C7-BD8BE99B39EB}.Release|Any CPU.ActiveCfg = Release|Any CPU
		{956D736A-111C-4299-85C7-BD8BE99B39EB}.Release|Any CPU.Build.0 = Release|Any CPU
		{57741E3E-7C3E-4277-AF90-1D9495B4EABE}.Debug|Any CPU.ActiveCfg = Debug|Any CPU
		{57741E3E-7C3E-4277-AF90-1D9495B4EABE}.Debug|Any CPU.Build.0 = Debug|Any CPU
		{57741E3E-7C3E-4277-AF90-1D9495B4EABE}.Release|Any CPU.ActiveCfg = Release|Any CPU
		{57741E3E-7C3E-4277-AF90-1D9495B4EABE}.Release|Any CPU.Build.0 = Release|Any CPU
		{21C21598-CD3F-452C-A79F-A937C103DDFA}.Debug|Any CPU.ActiveCfg = Debug|Any CPU
		{21C21598-CD3F-452C-A79F-A937C103DDFA}.Debug|Any CPU.Build.0 = Debug|Any CPU
		{21C21598-CD3F-452C-A79F-A937C103DDFA}.Release|Any CPU.ActiveCfg = Release|Any CPU
		{21C21598-CD3F-452C-A79F-A937C103DDFA}.Release|Any CPU.Build.0 = Release|Any CPU
	EndGlobalSection
	GlobalSection(SolutionProperties) = preSolution
		HideSolutionNode = FALSE
	EndGlobalSection
	GlobalSection(ExtensibilityGlobals) = postSolution
		SolutionGuid = {15E6CC97-E6DA-4A36-8491-23A968518F94}
	EndGlobalSection
EndGlobal
