
Microsoft Visual Studio Solution File, Format Version 12.00
# Visual Studio Version 17
VisualStudioVersion = 17.6.33815.320
MinimumVisualStudioVersion = 10.0.40219.1
Project("{9A19103F-16F7-4668-BE54-9A1E7A4F7556}") = "Poem", "FileStreams\Poem.csproj", "{2BD3134D-8C9A-46E4-B482-4047C732ACD9}"
EndProject
Project("{9A19103F-16F7-4668-BE54-9A1E7A4F7556}") = "StreamsTask4", "StreamsTask1\StreamsTask4.csproj", "{989F5371-0B80-4C6D-BA25-9242728C5963}"
EndProject
Project("{9A19103F-16F7-4668-BE54-9A1E7A4F7556}") = "StreamTask1", "StreamTask1\StreamTask1.csproj", "{3B32BDD3-E060-4BD0-ADF6-52C43B0B12A2}"
EndProject
Project("{9A19103F-16F7-4668-BE54-9A1E7A4F7556}") = "StreamsTask2", "StreamsTask2\StreamsTask2.csproj", "{710C4DDC-C449-4475-B1F7-10CB0CF4C0C3}"
EndProject
Project("{9A19103F-16F7-4668-BE54-9A1E7A4F7556}") = "StreamsTask3", "StreamsTask3\StreamsTask3.csproj", "{087539C4-9A54-4D74-A032-9E44A77CBEF6}"
EndProject
Global
	GlobalSection(SolutionConfigurationPlatforms) = preSolution
		Debug|Any CPU = Debug|Any CPU
		Release|Any CPU = Release|Any CPU
	EndGlobalSection
	GlobalSection(ProjectConfigurationPlatforms) = postSolution
		{2BD3134D-8C9A-46E4-B482-4047C732ACD9}.Debug|Any CPU.ActiveCfg = Debug|Any CPU
		{2BD3134D-8C9A-46E4-B482-4047C732ACD9}.Debug|Any CPU.Build.0 = Debug|Any CPU
		{2BD3134D-8C9A-46E4-B482-4047C732ACD9}.Release|Any CPU.ActiveCfg = Release|Any CPU
		{2BD3134D-8C9A-46E4-B482-4047C732ACD9}.Release|Any CPU.Build.0 = Release|Any CPU
		{989F5371-0B80-4C6D-BA25-9242728C5963}.Debug|Any CPU.ActiveCfg = Debug|Any CPU
		{989F5371-0B80-4C6D-BA25-9242728C5963}.Debug|Any CPU.Build.0 = Debug|Any CPU
		{989F5371-0B80-4C6D-BA25-9242728C5963}.Release|Any CPU.ActiveCfg = Release|Any CPU
		{989F5371-0B80-4C6D-BA25-9242728C5963}.Release|Any CPU.Build.0 = Release|Any CPU
		{3B32BDD3-E060-4BD0-ADF6-52C43B0B12A2}.Debug|Any CPU.ActiveCfg = Debug|Any CPU
		{3B32BDD3-E060-4BD0-ADF6-52C43B0B12A2}.Debug|Any CPU.Build.0 = Debug|Any CPU
		{3B32BDD3-E060-4BD0-ADF6-52C43B0B12A2}.Release|Any CPU.ActiveCfg = Release|Any CPU
		{3B32BDD3-E060-4BD0-ADF6-52C43B0B12A2}.Release|Any CPU.Build.0 = Release|Any CPU
		{710C4DDC-C449-4475-B1F7-10CB0CF4C0C3}.Debug|Any CPU.ActiveCfg = Debug|Any CPU
		{710C4DDC-C449-4475-B1F7-10CB0CF4C0C3}.Debug|Any CPU.Build.0 = Debug|Any CPU
		{710C4DDC-C449-4475-B1F7-10CB0CF4C0C3}.Release|Any CPU.ActiveCfg = Release|Any CPU
		{710C4DDC-C449-4475-B1F7-10CB0CF4C0C3}.Release|Any CPU.Build.0 = Release|Any CPU
		{087539C4-9A54-4D74-A032-9E44A77CBEF6}.Debug|Any CPU.ActiveCfg = Debug|Any CPU
		{087539C4-9A54-4D74-A032-9E44A77CBEF6}.Debug|Any CPU.Build.0 = Debug|Any CPU
		{087539C4-9A54-4D74-A032-9E44A77CBEF6}.Release|Any CPU.ActiveCfg = Release|Any CPU
		{087539C4-9A54-4D74-A032-9E44A77CBEF6}.Release|Any CPU.Build.0 = Release|Any CPU
	EndGlobalSection
	GlobalSection(SolutionProperties) = preSolution
		HideSolutionNode = FALSE
	EndGlobalSection
	GlobalSection(ExtensibilityGlobals) = postSolution
		SolutionGuid = {61A1E6DA-9F4A-45A4-8FDE-09D46F5A1702}
	EndGlobalSection
EndGlobal
