
Microsoft Visual Studio Solution File, Format Version 12.00
# Visual Studio Version 17
VisualStudioVersion = 17.1.32319.34
MinimumVisualStudioVersion = 10.0.40219.1
Project("{FAE04EC0-301F-11D3-BF4B-00C04F79EFBC}") = "Bitwise-operations exercise 1", "Bitwise-operations\Bitwise-operations exercise 1.csproj", "{D6C4D13A-E9DD-45DC-8838-A6C8E7B6C7A1}"
EndProject
Project("{FAE04EC0-301F-11D3-BF4B-00C04F79EFBC}") = "Bitwise-operations exercise 2", "Bitwise-operations exercise 2\Bitwise-operations exercise 2.csproj", "{CEA79B03-A354-46FC-862F-3043DE835E86}"
EndProject
Project("{FAE04EC0-301F-11D3-BF4B-00C04F79EFBC}") = "Bitwise-operations exercise 3", "Bitwise-operations exercise 3\Bitwise-operations exercise 3.csproj", "{F48DC804-B42B-495C-9F20-FE67116F5F2C}"
EndProject
Project("{FAE04EC0-301F-11D3-BF4B-00C04F79EFBC}") = "Bitwise-operations exercise 4", "Bitwise-operations exercise 4\Bitwise-operations exercise 4.csproj", "{AA24D584-EF1C-448A-B1B8-EE4D0FB2D74A}"
EndProject
Global
	GlobalSection(SolutionConfigurationPlatforms) = preSolution
		Debug|Any CPU = Debug|Any CPU
		Release|Any CPU = Release|Any CPU
	EndGlobalSection
	GlobalSection(ProjectConfigurationPlatforms) = postSolution
		{D6C4D13A-E9DD-45DC-8838-A6C8E7B6C7A1}.Debug|Any CPU.ActiveCfg = Debug|Any CPU
		{D6C4D13A-E9DD-45DC-8838-A6C8E7B6C7A1}.Debug|Any CPU.Build.0 = Debug|Any CPU
		{D6C4D13A-E9DD-45DC-8838-A6C8E7B6C7A1}.Release|Any CPU.ActiveCfg = Release|Any CPU
		{D6C4D13A-E9DD-45DC-8838-A6C8E7B6C7A1}.Release|Any CPU.Build.0 = Release|Any CPU
		{CEA79B03-A354-46FC-862F-3043DE835E86}.Debug|Any CPU.ActiveCfg = Debug|Any CPU
		{CEA79B03-A354-46FC-862F-3043DE835E86}.Debug|Any CPU.Build.0 = Debug|Any CPU
		{CEA79B03-A354-46FC-862F-3043DE835E86}.Release|Any CPU.ActiveCfg = Release|Any CPU
		{CEA79B03-A354-46FC-862F-3043DE835E86}.Release|Any CPU.Build.0 = Release|Any CPU
		{F48DC804-B42B-495C-9F20-FE67116F5F2C}.Debug|Any CPU.ActiveCfg = Debug|Any CPU
		{F48DC804-B42B-495C-9F20-FE67116F5F2C}.Debug|Any CPU.Build.0 = Debug|Any CPU
		{F48DC804-B42B-495C-9F20-FE67116F5F2C}.Release|Any CPU.ActiveCfg = Release|Any CPU
		{F48DC804-B42B-495C-9F20-FE67116F5F2C}.Release|Any CPU.Build.0 = Release|Any CPU
		{AA24D584-EF1C-448A-B1B8-EE4D0FB2D74A}.Debug|Any CPU.ActiveCfg = Debug|Any CPU
		{AA24D584-EF1C-448A-B1B8-EE4D0FB2D74A}.Debug|Any CPU.Build.0 = Debug|Any CPU
		{AA24D584-EF1C-448A-B1B8-EE4D0FB2D74A}.Release|Any CPU.ActiveCfg = Release|Any CPU
		{AA24D584-EF1C-448A-B1B8-EE4D0FB2D74A}.Release|Any CPU.Build.0 = Release|Any CPU
	EndGlobalSection
	GlobalSection(SolutionProperties) = preSolution
		HideSolutionNode = FALSE
	EndGlobalSection
	GlobalSection(ExtensibilityGlobals) = postSolution
		SolutionGuid = {C2169A68-B16C-4538-84F5-9E52F69FD074}
	EndGlobalSection
EndGlobal
