
Microsoft Visual Studio Solution File, Format Version 12.00
# Visual Studio Version 17
VisualStudioVersion = 17.6.33815.320
MinimumVisualStudioVersion = 10.0.40219.1
Project("{FAE04EC0-301F-11D3-BF4B-00C04F79EFBC}") = "ExtensionMethodMergeSort", "ExtensionMethodMergeSort\ExtensionMethodMergeSort.csproj", "{78829076-F443-487D-A602-D16400205DAF}"
EndProject
Global
	GlobalSection(SolutionConfigurationPlatforms) = preSolution
		Debug|Any CPU = Debug|Any CPU
		Release|Any CPU = Release|Any CPU
	EndGlobalSection
	GlobalSection(ProjectConfigurationPlatforms) = postSolution
		{78829076-F443-487D-A602-D16400205DAF}.Debug|Any CPU.ActiveCfg = Debug|Any CPU
		{78829076-F443-487D-A602-D16400205DAF}.Debug|Any CPU.Build.0 = Debug|Any CPU
		{78829076-F443-487D-A602-D16400205DAF}.Release|Any CPU.ActiveCfg = Release|Any CPU
		{78829076-F443-487D-A602-D16400205DAF}.Release|Any CPU.Build.0 = Release|Any CPU
	EndGlobalSection
	GlobalSection(SolutionProperties) = preSolution
		HideSolutionNode = FALSE
	EndGlobalSection
	GlobalSection(ExtensibilityGlobals) = postSolution
		SolutionGuid = {E3F09ACF-7F35-4FD5-B51F-FDAF536BCBD6}
	EndGlobalSection
EndGlobal
