
Microsoft Visual Studio Solution File, Format Version 12.00
# Visual Studio Version 17
VisualStudioVersion = 17.6.33815.320
MinimumVisualStudioVersion = 10.0.40219.1
Project("{FAE04EC0-301F-11D3-BF4B-00C04F79EFBC}") = "MergeSort", "MergeSort\MergeSort.csproj", "{041FF8E2-07D2-427B-A53C-81086B0978E8}"
EndProject
Project("{FAE04EC0-301F-11D3-BF4B-00C04F79EFBC}") = "ParallelMergeSort", "ParalelleMergeSort\ParallelMergeSort.csproj", "{7C29A53D-99A2-4C21-91C1-A75918289B23}"
EndProject
Global
	GlobalSection(SolutionConfigurationPlatforms) = preSolution
		Debug|Any CPU = Debug|Any CPU
		Release|Any CPU = Release|Any CPU
	EndGlobalSection
	GlobalSection(ProjectConfigurationPlatforms) = postSolution
		{041FF8E2-07D2-427B-A53C-81086B0978E8}.Debug|Any CPU.ActiveCfg = Debug|Any CPU
		{041FF8E2-07D2-427B-A53C-81086B0978E8}.Debug|Any CPU.Build.0 = Debug|Any CPU
		{041FF8E2-07D2-427B-A53C-81086B0978E8}.Release|Any CPU.ActiveCfg = Release|Any CPU
		{041FF8E2-07D2-427B-A53C-81086B0978E8}.Release|Any CPU.Build.0 = Release|Any CPU
		{7C29A53D-99A2-4C21-91C1-A75918289B23}.Debug|Any CPU.ActiveCfg = Debug|Any CPU
		{7C29A53D-99A2-4C21-91C1-A75918289B23}.Debug|Any CPU.Build.0 = Debug|Any CPU
		{7C29A53D-99A2-4C21-91C1-A75918289B23}.Release|Any CPU.ActiveCfg = Release|Any CPU
		{7C29A53D-99A2-4C21-91C1-A75918289B23}.Release|Any CPU.Build.0 = Release|Any CPU
	EndGlobalSection
	GlobalSection(SolutionProperties) = preSolution
		HideSolutionNode = FALSE
	EndGlobalSection
	GlobalSection(ExtensibilityGlobals) = postSolution
		SolutionGuid = {45D6CDE8-A488-4AD8-8D8E-409E2DEEE31A}
	EndGlobalSection
EndGlobal
